
Microsoft Visual Studio Solution File, Format Version 12.00
# Visual Studio Version 17
VisualStudioVersion = 17.10.35013.160
MinimumVisualStudioVersion = 10.0.40219.1
Project("{FAE04EC0-301F-11D3-BF4B-00C04F79EFBC}") = "Test02", "Test02\Test02.csproj", "{B89608DC-A7AD-4F97-A7D2-300371C2CB87}"
EndProject
Global
	GlobalSection(SolutionConfigurationPlatforms) = preSolution
		Debug|Any CPU = Debug|Any CPU
		Release|Any CPU = Release|Any CPU
	EndGlobalSection
	GlobalSection(ProjectConfigurationPlatforms) = postSolution
		{B89608DC-A7AD-4F97-A7D2-300371C2CB87}.Debug|Any CPU.ActiveCfg = Debug|Any CPU
		{B89608DC-A7AD-4F97-A7D2-300371C2CB87}.Debug|Any CPU.Build.0 = Debug|Any CPU
		{B89608DC-A7AD-4F97-A7D2-300371C2CB87}.Release|Any CPU.ActiveCfg = Release|Any CPU
		{B89608DC-A7AD-4F97-A7D2-300371C2CB87}.Release|Any CPU.Build.0 = Release|Any CPU
	EndGlobalSection
	GlobalSection(SolutionProperties) = preSolution
		HideSolutionNode = FALSE
	EndGlobalSection
	GlobalSection(ExtensibilityGlobals) = postSolution
		SolutionGuid = {97E6E46A-604B-4002-9A57-B000B620283B}
	EndGlobalSection
EndGlobal
